
Microsoft Visual Studio Solution File, Format Version 12.00
# Visual Studio Version 17
VisualStudioVersion = 17.0.31903.59
MinimumVisualStudioVersion = 10.0.40219.1
Project("{2150E333-8FDC-42A3-9474-1A3956D46DE8}") = "src", "src", "{827E0CD3-B72D-47B6-A68D-7590B98EB39B}"
EndProject
Project("{FAE04EC0-301F-11D3-BF4B-00C04F79EFBC}") = "RateLimiter.API", "src\RateLimiter.API\RateLimiter.API.csproj", "{76802854-D793-44F5-A00E-EF05CCC29983}"
EndProject
Project("{FAE04EC0-301F-11D3-BF4B-00C04F79EFBC}") = "RateLimiter.Core", "src\RateLimiter.Core\RateLimiter.Core.csproj", "{19BF167C-761D-40E6-9EB7-E10CCA4DA244}"
EndProject
Project("{2150E333-8FDC-42A3-9474-1A3956D46DE8}") = "tests", "tests", "{0AB3BF05-4346-4AA6-1389-037BE0695223}"
EndProject
Project("{FAE04EC0-301F-11D3-BF4B-00C04F79EFBC}") = "RateLimiter.Tests", "tests\RateLimiter.Tests\RateLimiter.Tests.csproj", "{AEC74F6B-D7D6-4791-93F4-2B9299CD74E1}"
EndProject
Global
	GlobalSection(SolutionConfigurationPlatforms) = preSolution
		Debug|Any CPU = Debug|Any CPU
		Debug|x64 = Debug|x64
		Debug|x86 = Debug|x86
		Release|Any CPU = Release|Any CPU
		Release|x64 = Release|x64
		Release|x86 = Release|x86
	EndGlobalSection
	GlobalSection(ProjectConfigurationPlatforms) = postSolution
		{76802854-D793-44F5-A00E-EF05CCC29983}.Debug|Any CPU.ActiveCfg = Debug|Any CPU
		{76802854-D793-44F5-A00E-EF05CCC29983}.Debug|Any CPU.Build.0 = Debug|Any CPU
		{76802854-D793-44F5-A00E-EF05CCC29983}.Debug|x64.ActiveCfg = Debug|Any CPU
		{76802854-D793-44F5-A00E-EF05CCC29983}.Debug|x64.Build.0 = Debug|Any CPU
		{76802854-D793-44F5-A00E-EF05CCC29983}.Debug|x86.ActiveCfg = Debug|Any CPU
		{76802854-D793-44F5-A00E-EF05CCC29983}.Debug|x86.Build.0 = Debug|Any CPU
		{76802854-D793-44F5-A00E-EF05CCC29983}.Release|Any CPU.ActiveCfg = Release|Any CPU
		{76802854-D793-44F5-A00E-EF05CCC29983}.Release|Any CPU.Build.0 = Release|Any CPU
		{76802854-D793-44F5-A00E-EF05CCC29983}.Release|x64.ActiveCfg = Release|Any CPU
		{76802854-D793-44F5-A00E-EF05CCC29983}.Release|x64.Build.0 = Release|Any CPU
		{76802854-D793-44F5-A00E-EF05CCC29983}.Release|x86.ActiveCfg = Release|Any CPU
		{76802854-D793-44F5-A00E-EF05CCC29983}.Release|x86.Build.0 = Release|Any CPU
		{19BF167C-761D-40E6-9EB7-E10CCA4DA244}.Debug|Any CPU.ActiveCfg = Debug|Any CPU
		{19BF167C-761D-40E6-9EB7-E10CCA4DA244}.Debug|Any CPU.Build.0 = Debug|Any CPU
		{19BF167C-761D-40E6-9EB7-E10CCA4DA244}.Debug|x64.ActiveCfg = Debug|Any CPU
		{19BF167C-761D-40E6-9EB7-E10CCA4DA244}.Debug|x64.Build.0 = Debug|Any CPU
		{19BF167C-761D-40E6-9EB7-E10CCA4DA244}.Debug|x86.ActiveCfg = Debug|Any CPU
		{19BF167C-761D-40E6-9EB7-E10CCA4DA244}.Debug|x86.Build.0 = Debug|Any CPU
		{19BF167C-761D-40E6-9EB7-E10CCA4DA244}.Release|Any CPU.ActiveCfg = Release|Any CPU
		{19BF167C-761D-40E6-9EB7-E10CCA4DA244}.Release|Any CPU.Build.0 = Release|Any CPU
		{19BF167C-761D-40E6-9EB7-E10CCA4DA244}.Release|x64.ActiveCfg = Release|Any CPU
		{19BF167C-761D-40E6-9EB7-E10CCA4DA244}.Release|x64.Build.0 = Release|Any CPU
		{19BF167C-761D-40E6-9EB7-E10CCA4DA244}.Release|x86.ActiveCfg = Release|Any CPU
		{19BF167C-761D-40E6-9EB7-E10CCA4DA244}.Release|x86.Build.0 = Release|Any CPU
		{AEC74F6B-D7D6-4791-93F4-2B9299CD74E1}.Debug|Any CPU.ActiveCfg = Debug|Any CPU
		{AEC74F6B-D7D6-4791-93F4-2B9299CD74E1}.Debug|Any CPU.Build.0 = Debug|Any CPU
		{AEC74F6B-D7D6-4791-93F4-2B9299CD74E1}.Debug|x64.ActiveCfg = Debug|Any CPU
		{AEC74F6B-D7D6-4791-93F4-2B9299CD74E1}.Debug|x64.Build.0 = Debug|Any CPU
		{AEC74F6B-D7D6-4791-93F4-2B9299CD74E1}.Debug|x86.ActiveCfg = Debug|Any CPU
		{AEC74F6B-D7D6-4791-93F4-2B9299CD74E1}.Debug|x86.Build.0 = Debug|Any CPU
		{AEC74F6B-D7D6-4791-93F4-2B9299CD74E1}.Release|Any CPU.ActiveCfg = Release|Any CPU
		{AEC74F6B-D7D6-4791-93F4-2B9299CD74E1}.Release|Any CPU.Build.0 = Release|Any CPU
		{AEC74F6B-D7D6-4791-93F4-2B9299CD74E1}.Release|x64.ActiveCfg = Release|Any CPU
		{AEC74F6B-D7D6-4791-93F4-2B9299CD74E1}.Release|x64.Build.0 = Release|Any CPU
		{AEC74F6B-D7D6-4791-93F4-2B9299CD74E1}.Release|x86.ActiveCfg = Release|Any CPU
		{AEC74F6B-D7D6-4791-93F4-2B9299CD74E1}.Release|x86.Build.0 = Release|Any CPU
	EndGlobalSection
	GlobalSection(SolutionProperties) = preSolution
		HideSolutionNode = FALSE
	EndGlobalSection
	GlobalSection(NestedProjects) = preSolution
		{76802854-D793-44F5-A00E-EF05CCC29983} = {827E0CD3-B72D-47B6-A68D-7590B98EB39B}
		{19BF167C-761D-40E6-9EB7-E10CCA4DA244} = {827E0CD3-B72D-47B6-A68D-7590B98EB39B}
		{AEC74F6B-D7D6-4791-93F4-2B9299CD74E1} = {0AB3BF05-4346-4AA6-1389-037BE0695223}
	EndGlobalSection
EndGlobal
